// !$*UTF8*$!
{
	archiveVersion = 1;
	classes = {
	};
	objectVersion = 56;
	objects = {

/* Begin PBXBuildFile section */
		FE169B3B2BB89CDB00E9AEF2 /* ScheduleViewController.swift in Sources */ = {isa = PBXBuildFile; fileRef = FE169B3A2BB89CDB00E9AEF2 /* ScheduleViewController.swift */; };
		FE35B8152BB2C22700DD0861 /* TrackersCell.swift in Sources */ = {isa = PBXBuildFile; fileRef = FE35B8142BB2C22700DD0861 /* TrackersCell.swift */; };
		FE35B8172BB2D85500DD0861 /* SupplementaryTrackersView.swift in Sources */ = {isa = PBXBuildFile; fileRef = FE35B8162BB2D85500DD0861 /* SupplementaryTrackersView.swift */; };
		FE35B8192BB375EE00DD0861 /* AddTrackerViewController.swift in Sources */ = {isa = PBXBuildFile; fileRef = FE35B8182BB375EE00DD0861 /* AddTrackerViewController.swift */; };
		FE49F5652BA0D5DA00940E1F /* AppDelegate.swift in Sources */ = {isa = PBXBuildFile; fileRef = FE49F5642BA0D5DA00940E1F /* AppDelegate.swift */; };
		FE49F56E2BA0D5DB00940E1F /* Assets.xcassets in Resources */ = {isa = PBXBuildFile; fileRef = FE49F56D2BA0D5DB00940E1F /* Assets.xcassets */; };
		FE49F5712BA0D5DB00940E1F /* LaunchScreen.storyboard in Resources */ = {isa = PBXBuildFile; fileRef = FE49F56F2BA0D5DB00940E1F /* LaunchScreen.storyboard */; };
		FE49F57C2BA0D5DB00940E1F /* TrackerTests.swift in Sources */ = {isa = PBXBuildFile; fileRef = FE49F57B2BA0D5DB00940E1F /* TrackerTests.swift */; };
		FE49F5862BA0D5DB00940E1F /* TrackerUITests.swift in Sources */ = {isa = PBXBuildFile; fileRef = FE49F5852BA0D5DB00940E1F /* TrackerUITests.swift */; };
		FE49F5882BA0D5DB00940E1F /* TrackerUITestsLaunchTests.swift in Sources */ = {isa = PBXBuildFile; fileRef = FE49F5872BA0D5DB00940E1F /* TrackerUITestsLaunchTests.swift */; };
		FE49F5962BA0F0CB00940E1F /* TabBarController.swift in Sources */ = {isa = PBXBuildFile; fileRef = FE49F5952BA0F0CB00940E1F /* TabBarController.swift */; };
		FE49F5982BA0F24900940E1F /* TrackersViewController.swift in Sources */ = {isa = PBXBuildFile; fileRef = FE49F5972BA0F24900940E1F /* TrackersViewController.swift */; };
		FE49F59A2BA0F29800940E1F /* StatisticsViewController.swift in Sources */ = {isa = PBXBuildFile; fileRef = FE49F5992BA0F29800940E1F /* StatisticsViewController.swift */; };
		FE49F5CD2BA5EB5200940E1F /* Tracker.swift in Sources */ = {isa = PBXBuildFile; fileRef = FE49F5CC2BA5EB5200940E1F /* Tracker.swift */; };
		FE49F5CF2BA5ED2A00940E1F /* TrackerRecord.swift in Sources */ = {isa = PBXBuildFile; fileRef = FE49F5CE2BA5ED2A00940E1F /* TrackerRecord.swift */; };
		FE49F5D12BA5ED3E00940E1F /* TrackerCategory.swift in Sources */ = {isa = PBXBuildFile; fileRef = FE49F5D02BA5ED3E00940E1F /* TrackerCategory.swift */; };
		FE5266782C2ABF6D0083CA43 /* OnboardingViewController.swift in Sources */ = {isa = PBXBuildFile; fileRef = FE5266772C2ABF6D0083CA43 /* OnboardingViewController.swift */; };
		FE52667A2C2B46380083CA43 /* MainViewController.swift in Sources */ = {isa = PBXBuildFile; fileRef = FE5266792C2B46380083CA43 /* MainViewController.swift */; };
		FE52667C2C2B4B100083CA43 /* CategoryListViewModel.swift in Sources */ = {isa = PBXBuildFile; fileRef = FE52667B2C2B4B100083CA43 /* CategoryListViewModel.swift */; };
		FE6260D82BC2D67A00407DAB /* ColorCell.swift in Sources */ = {isa = PBXBuildFile; fileRef = FE6260D72BC2D67A00407DAB /* ColorCell.swift */; };
		FE8754972BC1785E00C3825D /* SupplementaryNewHabbitView.swift in Sources */ = {isa = PBXBuildFile; fileRef = FE8754962BC1785E00C3825D /* SupplementaryNewHabbitView.swift */; };
		FE8754992BC17A0B00C3825D /* EmojiCell.swift in Sources */ = {isa = PBXBuildFile; fileRef = FE8754982BC17A0B00C3825D /* EmojiCell.swift */; };
		FE87549B2BC17A4500C3825D /* GeometricParams.swift in Sources */ = {isa = PBXBuildFile; fileRef = FE87549A2BC17A4500C3825D /* GeometricParams.swift */; };
		FE93C1322BC34B84002261B7 /* CategoryListViewController.swift in Sources */ = {isa = PBXBuildFile; fileRef = FE93C1312BC34B84002261B7 /* CategoryListViewController.swift */; };
		FEA8E7DA2C07C67B00DAC202 /* Data.xcdatamodeld in Sources */ = {isa = PBXBuildFile; fileRef = FEA8E7D82C07C67B00DAC202 /* Data.xcdatamodeld */; };
		FEBDFCFC2BB4B3EC001980D1 /* NewTrackerViewController.swift in Sources */ = {isa = PBXBuildFile; fileRef = FEBDFCFB2BB4B3EC001980D1 /* NewTrackerViewController.swift */; };
		FEBDFCFE2BB4CFD3001980D1 /* RegisterTextField.swift in Sources */ = {isa = PBXBuildFile; fileRef = FEBDFCFD2BB4CFD3001980D1 /* RegisterTextField.swift */; };
		FEC4EE302C147AD50019000D /* DaysTransformer.swift in Sources */ = {isa = PBXBuildFile; fileRef = FEC4EE2F2C147AD50019000D /* DaysTransformer.swift */; };
		FEC4EE322C147CDC0019000D /* UIColorMarshalling.swift in Sources */ = {isa = PBXBuildFile; fileRef = FEC4EE312C147CDC0019000D /* UIColorMarshalling.swift */; };
		FEC4EE3E2C14ABE40019000D /* TrackerStore.swift in Sources */ = {isa = PBXBuildFile; fileRef = FEC4EE3D2C14ABE40019000D /* TrackerStore.swift */; };
		FEC4EE402C14AE730019000D /* TrackerCategoryStore.swift in Sources */ = {isa = PBXBuildFile; fileRef = FEC4EE3F2C14AE730019000D /* TrackerCategoryStore.swift */; };
		FEC4EE422C14AEDF0019000D /* TrackerRecordStore.swift in Sources */ = {isa = PBXBuildFile; fileRef = FEC4EE412C14AEDF0019000D /* TrackerRecordStore.swift */; };
		FEC69EC92BC484CB0045A290 /* NewCategoryViewController.swift in Sources */ = {isa = PBXBuildFile; fileRef = FEC69EC82BC484CB0045A290 /* NewCategoryViewController.swift */; };
		FEC69ECC2BC4A0C20045A290 /* UpdateButtonState.swift in Sources */ = {isa = PBXBuildFile; fileRef = FEC69ECB2BC4A0C20045A290 /* UpdateButtonState.swift */; };
		FEC69ECE2BC4A64C0045A290 /* CategoryCell.swift in Sources */ = {isa = PBXBuildFile; fileRef = FEC69ECD2BC4A64C0045A290 /* CategoryCell.swift */; };
		FECDFA9F2C14FD0E00141ED1 /* MockData.swift in Sources */ = {isa = PBXBuildFile; fileRef = FECDFA9E2C14FD0E00141ED1 /* MockData.swift */; };
		FEF57F2B2BCC11480018D079 /* Weekdays.swift in Sources */ = {isa = PBXBuildFile; fileRef = FEF57F2A2BCC11480018D079 /* Weekdays.swift */; };
		FEF588562BB8BB1500BFCD8F /* ScheduleCell.swift in Sources */ = {isa = PBXBuildFile; fileRef = FEF588552BB8BB1500BFCD8F /* ScheduleCell.swift */; };
/* End PBXBuildFile section */

/* Begin PBXContainerItemProxy section */
		FE49F5782BA0D5DB00940E1F /* PBXContainerItemProxy */ = {
			isa = PBXContainerItemProxy;
			containerPortal = FE49F5592BA0D5DA00940E1F /* Project object */;
			proxyType = 1;
			remoteGlobalIDString = FE49F5602BA0D5DA00940E1F;
			remoteInfo = Tracker;
		};
		FE49F5822BA0D5DB00940E1F /* PBXContainerItemProxy */ = {
			isa = PBXContainerItemProxy;
			containerPortal = FE49F5592BA0D5DA00940E1F /* Project object */;
			proxyType = 1;
			remoteGlobalIDString = FE49F5602BA0D5DA00940E1F;
			remoteInfo = Tracker;
		};
/* End PBXContainerItemProxy section */

/* Begin PBXFileReference section */
		FE169B3A2BB89CDB00E9AEF2 /* ScheduleViewController.swift */ = {isa = PBXFileReference; lastKnownFileType = sourcecode.swift; path = ScheduleViewController.swift; sourceTree = "<group>"; };
		FE35B8142BB2C22700DD0861 /* TrackersCell.swift */ = {isa = PBXFileReference; lastKnownFileType = sourcecode.swift; path = TrackersCell.swift; sourceTree = "<group>"; };
		FE35B8162BB2D85500DD0861 /* SupplementaryTrackersView.swift */ = {isa = PBXFileReference; lastKnownFileType = sourcecode.swift; path = SupplementaryTrackersView.swift; sourceTree = "<group>"; };
		FE35B8182BB375EE00DD0861 /* AddTrackerViewController.swift */ = {isa = PBXFileReference; lastKnownFileType = sourcecode.swift; path = AddTrackerViewController.swift; sourceTree = "<group>"; };
		FE49F5612BA0D5DA00940E1F /* Tracker.app */ = {isa = PBXFileReference; explicitFileType = wrapper.application; includeInIndex = 0; path = Tracker.app; sourceTree = BUILT_PRODUCTS_DIR; };
		FE49F5642BA0D5DA00940E1F /* AppDelegate.swift */ = {isa = PBXFileReference; lastKnownFileType = sourcecode.swift; path = AppDelegate.swift; sourceTree = "<group>"; };
		FE49F56D2BA0D5DB00940E1F /* Assets.xcassets */ = {isa = PBXFileReference; lastKnownFileType = folder.assetcatalog; path = Assets.xcassets; sourceTree = "<group>"; };
		FE49F5702BA0D5DB00940E1F /* Base */ = {isa = PBXFileReference; lastKnownFileType = file.storyboard; name = Base; path = Base.lproj/LaunchScreen.storyboard; sourceTree = "<group>"; };
		FE49F5722BA0D5DB00940E1F /* Info.plist */ = {isa = PBXFileReference; lastKnownFileType = text.plist.xml; path = Info.plist; sourceTree = "<group>"; };
		FE49F5772BA0D5DB00940E1F /* TrackerTests.xctest */ = {isa = PBXFileReference; explicitFileType = wrapper.cfbundle; includeInIndex = 0; path = TrackerTests.xctest; sourceTree = BUILT_PRODUCTS_DIR; };
		FE49F57B2BA0D5DB00940E1F /* TrackerTests.swift */ = {isa = PBXFileReference; lastKnownFileType = sourcecode.swift; path = TrackerTests.swift; sourceTree = "<group>"; };
		FE49F5812BA0D5DB00940E1F /* TrackerUITests.xctest */ = {isa = PBXFileReference; explicitFileType = wrapper.cfbundle; includeInIndex = 0; path = TrackerUITests.xctest; sourceTree = BUILT_PRODUCTS_DIR; };
		FE49F5852BA0D5DB00940E1F /* TrackerUITests.swift */ = {isa = PBXFileReference; lastKnownFileType = sourcecode.swift; path = TrackerUITests.swift; sourceTree = "<group>"; };
		FE49F5872BA0D5DB00940E1F /* TrackerUITestsLaunchTests.swift */ = {isa = PBXFileReference; lastKnownFileType = sourcecode.swift; path = TrackerUITestsLaunchTests.swift; sourceTree = "<group>"; };
		FE49F5952BA0F0CB00940E1F /* TabBarController.swift */ = {isa = PBXFileReference; lastKnownFileType = sourcecode.swift; path = TabBarController.swift; sourceTree = "<group>"; };
		FE49F5972BA0F24900940E1F /* TrackersViewController.swift */ = {isa = PBXFileReference; lastKnownFileType = sourcecode.swift; path = TrackersViewController.swift; sourceTree = "<group>"; };
		FE49F5992BA0F29800940E1F /* StatisticsViewController.swift */ = {isa = PBXFileReference; lastKnownFileType = sourcecode.swift; path = StatisticsViewController.swift; sourceTree = "<group>"; };
		FE49F5CC2BA5EB5200940E1F /* Tracker.swift */ = {isa = PBXFileReference; lastKnownFileType = sourcecode.swift; path = Tracker.swift; sourceTree = "<group>"; };
		FE49F5CE2BA5ED2A00940E1F /* TrackerRecord.swift */ = {isa = PBXFileReference; lastKnownFileType = sourcecode.swift; path = TrackerRecord.swift; sourceTree = "<group>"; };
		FE49F5D02BA5ED3E00940E1F /* TrackerCategory.swift */ = {isa = PBXFileReference; lastKnownFileType = sourcecode.swift; path = TrackerCategory.swift; sourceTree = "<group>"; };
		FE5266772C2ABF6D0083CA43 /* OnboardingViewController.swift */ = {isa = PBXFileReference; lastKnownFileType = sourcecode.swift; path = OnboardingViewController.swift; sourceTree = "<group>"; };
		FE5266792C2B46380083CA43 /* MainViewController.swift */ = {isa = PBXFileReference; lastKnownFileType = sourcecode.swift; path = MainViewController.swift; sourceTree = "<group>"; };
		FE52667B2C2B4B100083CA43 /* CategoryListViewModel.swift */ = {isa = PBXFileReference; lastKnownFileType = sourcecode.swift; path = CategoryListViewModel.swift; sourceTree = "<group>"; };
		FE6260D72BC2D67A00407DAB /* ColorCell.swift */ = {isa = PBXFileReference; lastKnownFileType = sourcecode.swift; path = ColorCell.swift; sourceTree = "<group>"; };
		FE8754962BC1785E00C3825D /* SupplementaryNewHabbitView.swift */ = {isa = PBXFileReference; lastKnownFileType = sourcecode.swift; path = SupplementaryNewHabbitView.swift; sourceTree = "<group>"; };
		FE8754982BC17A0B00C3825D /* EmojiCell.swift */ = {isa = PBXFileReference; lastKnownFileType = sourcecode.swift; path = EmojiCell.swift; sourceTree = "<group>"; };
		FE87549A2BC17A4500C3825D /* GeometricParams.swift */ = {isa = PBXFileReference; lastKnownFileType = sourcecode.swift; path = GeometricParams.swift; sourceTree = "<group>"; };
		FE93C1312BC34B84002261B7 /* CategoryListViewController.swift */ = {isa = PBXFileReference; lastKnownFileType = sourcecode.swift; path = CategoryListViewController.swift; sourceTree = "<group>"; };
		FEA8E7D92C07C67B00DAC202 /* Data.xcdatamodel */ = {isa = PBXFileReference; lastKnownFileType = wrapper.xcdatamodel; path = Data.xcdatamodel; sourceTree = "<group>"; };
		FEBDFCFB2BB4B3EC001980D1 /* NewTrackerViewController.swift */ = {isa = PBXFileReference; lastKnownFileType = sourcecode.swift; path = NewTrackerViewController.swift; sourceTree = "<group>"; };
		FEBDFCFD2BB4CFD3001980D1 /* RegisterTextField.swift */ = {isa = PBXFileReference; lastKnownFileType = sourcecode.swift; path = RegisterTextField.swift; sourceTree = "<group>"; };
		FEC4EE2F2C147AD50019000D /* DaysTransformer.swift */ = {isa = PBXFileReference; lastKnownFileType = sourcecode.swift; path = DaysTransformer.swift; sourceTree = "<group>"; };
		FEC4EE312C147CDC0019000D /* UIColorMarshalling.swift */ = {isa = PBXFileReference; lastKnownFileType = sourcecode.swift; path = UIColorMarshalling.swift; sourceTree = "<group>"; };
		FEC4EE3D2C14ABE40019000D /* TrackerStore.swift */ = {isa = PBXFileReference; lastKnownFileType = sourcecode.swift; path = TrackerStore.swift; sourceTree = "<group>"; };
		FEC4EE3F2C14AE730019000D /* TrackerCategoryStore.swift */ = {isa = PBXFileReference; lastKnownFileType = sourcecode.swift; path = TrackerCategoryStore.swift; sourceTree = "<group>"; };
		FEC4EE412C14AEDF0019000D /* TrackerRecordStore.swift */ = {isa = PBXFileReference; lastKnownFileType = sourcecode.swift; path = TrackerRecordStore.swift; sourceTree = "<group>"; };
		FEC69EC82BC484CB0045A290 /* NewCategoryViewController.swift */ = {isa = PBXFileReference; lastKnownFileType = sourcecode.swift; path = NewCategoryViewController.swift; sourceTree = "<group>"; };
		FEC69ECB2BC4A0C20045A290 /* UpdateButtonState.swift */ = {isa = PBXFileReference; lastKnownFileType = sourcecode.swift; path = UpdateButtonState.swift; sourceTree = "<group>"; };
		FEC69ECD2BC4A64C0045A290 /* CategoryCell.swift */ = {isa = PBXFileReference; lastKnownFileType = sourcecode.swift; path = CategoryCell.swift; sourceTree = "<group>"; };
		FECDFA9E2C14FD0E00141ED1 /* MockData.swift */ = {isa = PBXFileReference; lastKnownFileType = sourcecode.swift; path = MockData.swift; sourceTree = "<group>"; };
		FEF57F2A2BCC11480018D079 /* Weekdays.swift */ = {isa = PBXFileReference; lastKnownFileType = sourcecode.swift; path = Weekdays.swift; sourceTree = "<group>"; };
		FEF588552BB8BB1500BFCD8F /* ScheduleCell.swift */ = {isa = PBXFileReference; lastKnownFileType = sourcecode.swift; path = ScheduleCell.swift; sourceTree = "<group>"; };
/* End PBXFileReference section */

/* Begin PBXFrameworksBuildPhase section */
		FE49F55E2BA0D5DA00940E1F /* Frameworks */ = {
			isa = PBXFrameworksBuildPhase;
			buildActionMask = 2147483647;
			files = (
			);
			runOnlyForDeploymentPostprocessing = 0;
		};
		FE49F5742BA0D5DB00940E1F /* Frameworks */ = {
			isa = PBXFrameworksBuildPhase;
			buildActionMask = 2147483647;
			files = (
			);
			runOnlyForDeploymentPostprocessing = 0;
		};
		FE49F57E2BA0D5DB00940E1F /* Frameworks */ = {
			isa = PBXFrameworksBuildPhase;
			buildActionMask = 2147483647;
			files = (
			);
			runOnlyForDeploymentPostprocessing = 0;
		};
/* End PBXFrameworksBuildPhase section */

/* Begin PBXGroup section */
		FE49F5582BA0D5DA00940E1F = {
			isa = PBXGroup;
			children = (
				FEA8E7DB2C0B635C00DAC202 /* CoreData */,
				FE49F5632BA0D5DA00940E1F /* Tracker */,
				FE49F57A2BA0D5DB00940E1F /* TrackerTests */,
				FE49F5842BA0D5DB00940E1F /* TrackerUITests */,
				FE49F5622BA0D5DA00940E1F /* Products */,
			);
			sourceTree = "<group>";
		};
		FE49F5622BA0D5DA00940E1F /* Products */ = {
			isa = PBXGroup;
			children = (
				FE49F5612BA0D5DA00940E1F /* Tracker.app */,
				FE49F5772BA0D5DB00940E1F /* TrackerTests.xctest */,
				FE49F5812BA0D5DB00940E1F /* TrackerUITests.xctest */,
			);
			name = Products;
			sourceTree = "<group>";
		};
		FE49F5632BA0D5DA00940E1F /* Tracker */ = {
			isa = PBXGroup;
			children = (
				FE49F5A02BA0FD7500940E1F /* SupportedFiles */,
				FE49F5942BA0EF5600940E1F /* Application */,
				FE5266762C2ABF3E0083CA43 /* Onboarding */,
				FEA8E7DC2C0CB95700DAC202 /* Stores */,
				FEC69ECA2BC4A0690045A290 /* Helper */,
				FE49F5CB2BA5EB3E00940E1F /* Models */,
				FE49F59B2BA0F2A100940E1F /* Controllers */,
			);
			path = Tracker;
			sourceTree = "<group>";
		};
		FE49F57A2BA0D5DB00940E1F /* TrackerTests */ = {
			isa = PBXGroup;
			children = (
				FE49F57B2BA0D5DB00940E1F /* TrackerTests.swift */,
			);
			path = TrackerTests;
			sourceTree = "<group>";
		};
		FE49F5842BA0D5DB00940E1F /* TrackerUITests */ = {
			isa = PBXGroup;
			children = (
				FE49F5852BA0D5DB00940E1F /* TrackerUITests.swift */,
				FE49F5872BA0D5DB00940E1F /* TrackerUITestsLaunchTests.swift */,
			);
			path = TrackerUITests;
			sourceTree = "<group>";
		};
		FE49F5942BA0EF5600940E1F /* Application */ = {
			isa = PBXGroup;
			children = (
				FE49F5642BA0D5DA00940E1F /* AppDelegate.swift */,
				FE5266792C2B46380083CA43 /* MainViewController.swift */,
			);
			path = Application;
			sourceTree = "<group>";
		};
		FE49F59B2BA0F2A100940E1F /* Controllers */ = {
			isa = PBXGroup;
			children = (
				FEBDFCF92BB4B368001980D1 /* View */,
				FEB187FB2BD97DF300045FDE /* Trackers */,
				FEB187FD2BD97ECA00045FDE /* Category */,
				FEB187FF2BD97F8200045FDE /* Schedule */,
				FEBDFCFA2BB4B385001980D1 /* Statistic */,
				FE49F5952BA0F0CB00940E1F /* TabBarController.swift */,
			);
			path = Controllers;
			sourceTree = "<group>";
		};
		FE49F5A02BA0FD7500940E1F /* SupportedFiles */ = {
			isa = PBXGroup;
			children = (
				FE49F5722BA0D5DB00940E1F /* Info.plist */,
				FE49F56F2BA0D5DB00940E1F /* LaunchScreen.storyboard */,
				FE49F56D2BA0D5DB00940E1F /* Assets.xcassets */,
			);
			path = SupportedFiles;
			sourceTree = "<group>";
		};
		FE49F5CB2BA5EB3E00940E1F /* Models */ = {
			isa = PBXGroup;
			children = (
				FE49F5CC2BA5EB5200940E1F /* Tracker.swift */,
				FE49F5CE2BA5ED2A00940E1F /* TrackerRecord.swift */,
				FE49F5D02BA5ED3E00940E1F /* TrackerCategory.swift */,
				FE87549A2BC17A4500C3825D /* GeometricParams.swift */,
				FEF57F2A2BCC11480018D079 /* Weekdays.swift */,
				FECDFA9E2C14FD0E00141ED1 /* MockData.swift */,
			);
			path = Models;
			sourceTree = "<group>";
		};
		FE5266762C2ABF3E0083CA43 /* Onboarding */ = {
			isa = PBXGroup;
			children = (
				FE5266772C2ABF6D0083CA43 /* OnboardingViewController.swift */,
			);
			path = Onboarding;
			sourceTree = "<group>";
		};
		FEA8E7DB2C0B635C00DAC202 /* CoreData */ = {
			isa = PBXGroup;
			children = (
				FEA8E7D82C07C67B00DAC202 /* Data.xcdatamodeld */,
				FEC4EE2F2C147AD50019000D /* DaysTransformer.swift */,
				FEC4EE312C147CDC0019000D /* UIColorMarshalling.swift */,
			);
			path = CoreData;
			sourceTree = "<group>";
		};
		FEA8E7DC2C0CB95700DAC202 /* Stores */ = {
			isa = PBXGroup;
			children = (
				FEC4EE3D2C14ABE40019000D /* TrackerStore.swift */,
				FEC4EE3F2C14AE730019000D /* TrackerCategoryStore.swift */,
				FEC4EE412C14AEDF0019000D /* TrackerRecordStore.swift */,
			);
			path = Stores;
			sourceTree = "<group>";
		};
		FEB187FB2BD97DF300045FDE /* Trackers */ = {
			isa = PBXGroup;
			children = (
				FE49F5972BA0F24900940E1F /* TrackersViewController.swift */,
				FE35B8182BB375EE00DD0861 /* AddTrackerViewController.swift */,
				FEBDFCFB2BB4B3EC001980D1 /* NewTrackerViewController.swift */,
			);
			path = Trackers;
			sourceTree = "<group>";
		};
		FEB187FD2BD97ECA00045FDE /* Category */ = {
			isa = PBXGroup;
			children = (
				FE93C1312BC34B84002261B7 /* CategoryListViewController.swift */,
				FE52667B2C2B4B100083CA43 /* CategoryListViewModel.swift */,
				FEC69EC82BC484CB0045A290 /* NewCategoryViewController.swift */,
			);
			path = Category;
			sourceTree = "<group>";
		};
		FEB187FF2BD97F8200045FDE /* Schedule */ = {
			isa = PBXGroup;
			children = (
				FE169B3A2BB89CDB00E9AEF2 /* ScheduleViewController.swift */,
			);
			path = Schedule;
			sourceTree = "<group>";
		};
		FEBDFCF92BB4B368001980D1 /* View */ = {
			isa = PBXGroup;
			children = (
				FEBDFCFD2BB4CFD3001980D1 /* RegisterTextField.swift */,
				FE35B8162BB2D85500DD0861 /* SupplementaryTrackersView.swift */,
				FE8754962BC1785E00C3825D /* SupplementaryNewHabbitView.swift */,
				FE35B8142BB2C22700DD0861 /* TrackersCell.swift */,
				FE8754982BC17A0B00C3825D /* EmojiCell.swift */,
				FE6260D72BC2D67A00407DAB /* ColorCell.swift */,
				FEF588552BB8BB1500BFCD8F /* ScheduleCell.swift */,
				FEC69ECD2BC4A64C0045A290 /* CategoryCell.swift */,
			);
			path = View;
			sourceTree = "<group>";
		};
		FEBDFCFA2BB4B385001980D1 /* Statistic */ = {
			isa = PBXGroup;
			children = (
				FE49F5992BA0F29800940E1F /* StatisticsViewController.swift */,
			);
			path = Statistic;
			sourceTree = "<group>";
		};
		FEC69ECA2BC4A0690045A290 /* Helper */ = {
			isa = PBXGroup;
			children = (
				FEC69ECB2BC4A0C20045A290 /* UpdateButtonState.swift */,
			);
			path = Helper;
			sourceTree = "<group>";
		};
/* End PBXGroup section */

/* Begin PBXNativeTarget section */
		FE49F5602BA0D5DA00940E1F /* Tracker */ = {
			isa = PBXNativeTarget;
			buildConfigurationList = FE49F58B2BA0D5DB00940E1F /* Build configuration list for PBXNativeTarget "Tracker" */;
			buildPhases = (
				FE49F55D2BA0D5DA00940E1F /* Sources */,
				FE49F55E2BA0D5DA00940E1F /* Frameworks */,
				FE49F55F2BA0D5DA00940E1F /* Resources */,
			);
			buildRules = (
			);
			dependencies = (
			);
			name = Tracker;
			productName = Tracker;
			productReference = FE49F5612BA0D5DA00940E1F /* Tracker.app */;
			productType = "com.apple.product-type.application";
		};
		FE49F5762BA0D5DB00940E1F /* TrackerTests */ = {
			isa = PBXNativeTarget;
			buildConfigurationList = FE49F58E2BA0D5DB00940E1F /* Build configuration list for PBXNativeTarget "TrackerTests" */;
			buildPhases = (
				FE49F5732BA0D5DB00940E1F /* Sources */,
				FE49F5742BA0D5DB00940E1F /* Frameworks */,
				FE49F5752BA0D5DB00940E1F /* Resources */,
			);
			buildRules = (
			);
			dependencies = (
				FE49F5792BA0D5DB00940E1F /* PBXTargetDependency */,
			);
			name = TrackerTests;
			productName = TrackerTests;
			productReference = FE49F5772BA0D5DB00940E1F /* TrackerTests.xctest */;
			productType = "com.apple.product-type.bundle.unit-test";
		};
		FE49F5802BA0D5DB00940E1F /* TrackerUITests */ = {
			isa = PBXNativeTarget;
			buildConfigurationList = FE49F5912BA0D5DB00940E1F /* Build configuration list for PBXNativeTarget "TrackerUITests" */;
			buildPhases = (
				FE49F57D2BA0D5DB00940E1F /* Sources */,
				FE49F57E2BA0D5DB00940E1F /* Frameworks */,
				FE49F57F2BA0D5DB00940E1F /* Resources */,
			);
			buildRules = (
			);
			dependencies = (
				FE49F5832BA0D5DB00940E1F /* PBXTargetDependency */,
			);
			name = TrackerUITests;
			productName = TrackerUITests;
			productReference = FE49F5812BA0D5DB00940E1F /* TrackerUITests.xctest */;
			productType = "com.apple.product-type.bundle.ui-testing";
		};
/* End PBXNativeTarget section */

/* Begin PBXProject section */
		FE49F5592BA0D5DA00940E1F /* Project object */ = {
			isa = PBXProject;
			attributes = {
				BuildIndependentTargetsInParallel = 1;
				LastSwiftUpdateCheck = 1520;
				LastUpgradeCheck = 1520;
				TargetAttributes = {
					FE49F5602BA0D5DA00940E1F = {
						CreatedOnToolsVersion = 15.2;
					};
					FE49F5762BA0D5DB00940E1F = {
						CreatedOnToolsVersion = 15.2;
						TestTargetID = FE49F5602BA0D5DA00940E1F;
					};
					FE49F5802BA0D5DB00940E1F = {
						CreatedOnToolsVersion = 15.2;
						TestTargetID = FE49F5602BA0D5DA00940E1F;
					};
				};
			};
			buildConfigurationList = FE49F55C2BA0D5DA00940E1F /* Build configuration list for PBXProject "Tracker" */;
			compatibilityVersion = "Xcode 14.0";
			developmentRegion = en;
			hasScannedForEncodings = 0;
			knownRegions = (
				en,
				Base,
			);
			mainGroup = FE49F5582BA0D5DA00940E1F;
			productRefGroup = FE49F5622BA0D5DA00940E1F /* Products */;
			projectDirPath = "";
			projectRoot = "";
			targets = (
				FE49F5602BA0D5DA00940E1F /* Tracker */,
				FE49F5762BA0D5DB00940E1F /* TrackerTests */,
				FE49F5802BA0D5DB00940E1F /* TrackerUITests */,
			);
		};
/* End PBXProject section */

/* Begin PBXResourcesBuildPhase section */
		FE49F55F2BA0D5DA00940E1F /* Resources */ = {
			isa = PBXResourcesBuildPhase;
			buildActionMask = 2147483647;
			files = (
				FE49F5712BA0D5DB00940E1F /* LaunchScreen.storyboard in Resources */,
				FE49F56E2BA0D5DB00940E1F /* Assets.xcassets in Resources */,
			);
			runOnlyForDeploymentPostprocessing = 0;
		};
		FE49F5752BA0D5DB00940E1F /* Resources */ = {
			isa = PBXResourcesBuildPhase;
			buildActionMask = 2147483647;
			files = (
			);
			runOnlyForDeploymentPostprocessing = 0;
		};
		FE49F57F2BA0D5DB00940E1F /* Resources */ = {
			isa = PBXResourcesBuildPhase;
			buildActionMask = 2147483647;
			files = (
			);
			runOnlyForDeploymentPostprocessing = 0;
		};
/* End PBXResourcesBuildPhase section */

/* Begin PBXSourcesBuildPhase section */
		FE49F55D2BA0D5DA00940E1F /* Sources */ = {
			isa = PBXSourcesBuildPhase;
			buildActionMask = 2147483647;
			files = (
				FE169B3B2BB89CDB00E9AEF2 /* ScheduleViewController.swift in Sources */,
				FE49F5D12BA5ED3E00940E1F /* TrackerCategory.swift in Sources */,
				FEC69ECC2BC4A0C20045A290 /* UpdateButtonState.swift in Sources */,
				FE6260D82BC2D67A00407DAB /* ColorCell.swift in Sources */,
				FEC69ECE2BC4A64C0045A290 /* CategoryCell.swift in Sources */,
				FEC4EE3E2C14ABE40019000D /* TrackerStore.swift in Sources */,
				FE35B8152BB2C22700DD0861 /* TrackersCell.swift in Sources */,
				FEC4EE322C147CDC0019000D /* UIColorMarshalling.swift in Sources */,
				FEBDFCFC2BB4B3EC001980D1 /* NewTrackerViewController.swift in Sources */,
				FE49F5CF2BA5ED2A00940E1F /* TrackerRecord.swift in Sources */,
				FE93C1322BC34B84002261B7 /* CategoryListViewController.swift in Sources */,
				FE87549B2BC17A4500C3825D /* GeometricParams.swift in Sources */,
				FECDFA9F2C14FD0E00141ED1 /* MockData.swift in Sources */,
				FE49F5962BA0F0CB00940E1F /* TabBarController.swift in Sources */,
				FEC69EC92BC484CB0045A290 /* NewCategoryViewController.swift in Sources */,
				FE35B8172BB2D85500DD0861 /* SupplementaryTrackersView.swift in Sources */,
				FE5266782C2ABF6D0083CA43 /* OnboardingViewController.swift in Sources */,
				FE52667C2C2B4B100083CA43 /* CategoryListViewModel.swift in Sources */,
				FE49F5982BA0F24900940E1F /* TrackersViewController.swift in Sources */,
				FE49F59A2BA0F29800940E1F /* StatisticsViewController.swift in Sources */,
				FEF588562BB8BB1500BFCD8F /* ScheduleCell.swift in Sources */,
				FE49F5652BA0D5DA00940E1F /* AppDelegate.swift in Sources */,
				FEBDFCFE2BB4CFD3001980D1 /* RegisterTextField.swift in Sources */,
				FEC4EE422C14AEDF0019000D /* TrackerRecordStore.swift in Sources */,
				FEC4EE302C147AD50019000D /* DaysTransformer.swift in Sources */,
				FE8754972BC1785E00C3825D /* SupplementaryNewHabbitView.swift in Sources */,
				FE8754992BC17A0B00C3825D /* EmojiCell.swift in Sources */,
				FEF57F2B2BCC11480018D079 /* Weekdays.swift in Sources */,
				FEC4EE402C14AE730019000D /* TrackerCategoryStore.swift in Sources */,
				FEA8E7DA2C07C67B00DAC202 /* Data.xcdatamodeld in Sources */,
				FE35B8192BB375EE00DD0861 /* AddTrackerViewController.swift in Sources */,
				FE52667A2C2B46380083CA43 /* MainViewController.swift in Sources */,
				FE49F5CD2BA5EB5200940E1F /* Tracker.swift in Sources */,
			);
			runOnlyForDeploymentPostprocessing = 0;
		};
		FE49F5732BA0D5DB00940E1F /* Sources */ = {
			isa = PBXSourcesBuildPhase;
			buildActionMask = 2147483647;
			files = (
				FE49F57C2BA0D5DB00940E1F /* TrackerTests.swift in Sources */,
			);
			runOnlyForDeploymentPostprocessing = 0;
		};
		FE49F57D2BA0D5DB00940E1F /* Sources */ = {
			isa = PBXSourcesBuildPhase;
			buildActionMask = 2147483647;
			files = (
				FE49F5862BA0D5DB00940E1F /* TrackerUITests.swift in Sources */,
				FE49F5882BA0D5DB00940E1F /* TrackerUITestsLaunchTests.swift in Sources */,
			);
			runOnlyForDeploymentPostprocessing = 0;
		};
/* End PBXSourcesBuildPhase section */

/* Begin PBXTargetDependency section */
		FE49F5792BA0D5DB00940E1F /* PBXTargetDependency */ = {
			isa = PBXTargetDependency;
			target = FE49F5602BA0D5DA00940E1F /* Tracker */;
			targetProxy = FE49F5782BA0D5DB00940E1F /* PBXContainerItemProxy */;
		};
		FE49F5832BA0D5DB00940E1F /* PBXTargetDependency */ = {
			isa = PBXTargetDependency;
			target = FE49F5602BA0D5DA00940E1F /* Tracker */;
			targetProxy = FE49F5822BA0D5DB00940E1F /* PBXContainerItemProxy */;
		};
/* End PBXTargetDependency section */

/* Begin PBXVariantGroup section */
		FE49F56F2BA0D5DB00940E1F /* LaunchScreen.storyboard */ = {
			isa = PBXVariantGroup;
			children = (
				FE49F5702BA0D5DB00940E1F /* Base */,
			);
			name = LaunchScreen.storyboard;
			sourceTree = "<group>";
		};
/* End PBXVariantGroup section */

/* Begin XCBuildConfiguration section */
		FE49F5892BA0D5DB00940E1F /* Debug */ = {
			isa = XCBuildConfiguration;
			buildSettings = {
				ALWAYS_SEARCH_USER_PATHS = NO;
				ASSETCATALOG_COMPILER_GENERATE_SWIFT_ASSET_SYMBOL_EXTENSIONS = YES;
				CLANG_ANALYZER_NONNULL = YES;
				CLANG_ANALYZER_NUMBER_OBJECT_CONVERSION = YES_AGGRESSIVE;
				CLANG_CXX_LANGUAGE_STANDARD = "gnu++20";
				CLANG_ENABLE_MODULES = YES;
				CLANG_ENABLE_OBJC_ARC = YES;
				CLANG_ENABLE_OBJC_WEAK = YES;
				CLANG_WARN_BLOCK_CAPTURE_AUTORELEASING = YES;
				CLANG_WARN_BOOL_CONVERSION = YES;
				CLANG_WARN_COMMA = YES;
				CLANG_WARN_CONSTANT_CONVERSION = YES;
				CLANG_WARN_DEPRECATED_OBJC_IMPLEMENTATIONS = YES;
				CLANG_WARN_DIRECT_OBJC_ISA_USAGE = YES_ERROR;
				CLANG_WARN_DOCUMENTATION_COMMENTS = YES;
				CLANG_WARN_EMPTY_BODY = YES;
				CLANG_WARN_ENUM_CONVERSION = YES;
				CLANG_WARN_INFINITE_RECURSION = YES;
				CLANG_WARN_INT_CONVERSION = YES;
				CLANG_WARN_NON_LITERAL_NULL_CONVERSION = YES;
				CLANG_WARN_OBJC_IMPLICIT_RETAIN_SELF = YES;
				CLANG_WARN_OBJC_LITERAL_CONVERSION = YES;
				CLANG_WARN_OBJC_ROOT_CLASS = YES_ERROR;
				CLANG_WARN_QUOTED_INCLUDE_IN_FRAMEWORK_HEADER = YES;
				CLANG_WARN_RANGE_LOOP_ANALYSIS = YES;
				CLANG_WARN_STRICT_PROTOTYPES = YES;
				CLANG_WARN_SUSPICIOUS_MOVE = YES;
				CLANG_WARN_UNGUARDED_AVAILABILITY = YES_AGGRESSIVE;
				CLANG_WARN_UNREACHABLE_CODE = YES;
				CLANG_WARN__DUPLICATE_METHOD_MATCH = YES;
				COPY_PHASE_STRIP = NO;
				DEBUG_INFORMATION_FORMAT = dwarf;
				ENABLE_STRICT_OBJC_MSGSEND = YES;
				ENABLE_TESTABILITY = YES;
				ENABLE_USER_SCRIPT_SANDBOXING = YES;
				GCC_C_LANGUAGE_STANDARD = gnu17;
				GCC_DYNAMIC_NO_PIC = NO;
				GCC_NO_COMMON_BLOCKS = YES;
				GCC_OPTIMIZATION_LEVEL = 0;
				GCC_PREPROCESSOR_DEFINITIONS = (
					"DEBUG=1",
					"$(inherited)",
				);
				GCC_WARN_64_TO_32_BIT_CONVERSION = YES;
				GCC_WARN_ABOUT_RETURN_TYPE = YES_ERROR;
				GCC_WARN_UNDECLARED_SELECTOR = YES;
				GCC_WARN_UNINITIALIZED_AUTOS = YES_AGGRESSIVE;
				GCC_WARN_UNUSED_FUNCTION = YES;
				GCC_WARN_UNUSED_VARIABLE = YES;
				IPHONEOS_DEPLOYMENT_TARGET = 17.2;
				LOCALIZATION_PREFERS_STRING_CATALOGS = YES;
				MTL_ENABLE_DEBUG_INFO = INCLUDE_SOURCE;
				MTL_FAST_MATH = YES;
				ONLY_ACTIVE_ARCH = YES;
				SDKROOT = iphoneos;
				SWIFT_ACTIVE_COMPILATION_CONDITIONS = "DEBUG $(inherited)";
				SWIFT_OPTIMIZATION_LEVEL = "-Onone";
			};
			name = Debug;
		};
		FE49F58A2BA0D5DB00940E1F /* Release */ = {
			isa = XCBuildConfiguration;
			buildSettings = {
				ALWAYS_SEARCH_USER_PATHS = NO;
				ASSETCATALOG_COMPILER_GENERATE_SWIFT_ASSET_SYMBOL_EXTENSIONS = YES;
				CLANG_ANALYZER_NONNULL = YES;
				CLANG_ANALYZER_NUMBER_OBJECT_CONVERSION = YES_AGGRESSIVE;
				CLANG_CXX_LANGUAGE_STANDARD = "gnu++20";
				CLANG_ENABLE_MODULES = YES;
				CLANG_ENABLE_OBJC_ARC = YES;
				CLANG_ENABLE_OBJC_WEAK = YES;
				CLANG_WARN_BLOCK_CAPTURE_AUTORELEASING = YES;
				CLANG_WARN_BOOL_CONVERSION = YES;
				CLANG_WARN_COMMA = YES;
				CLANG_WARN_CONSTANT_CONVERSION = YES;
				CLANG_WARN_DEPRECATED_OBJC_IMPLEMENTATIONS = YES;
				CLANG_WARN_DIRECT_OBJC_ISA_USAGE = YES_ERROR;
				CLANG_WARN_DOCUMENTATION_COMMENTS = YES;
				CLANG_WARN_EMPTY_BODY = YES;
				CLANG_WARN_ENUM_CONVERSION = YES;
				CLANG_WARN_INFINITE_RECURSION = YES;
				CLANG_WARN_INT_CONVERSION = YES;
				CLANG_WARN_NON_LITERAL_NULL_CONVERSION = YES;
				CLANG_WARN_OBJC_IMPLICIT_RETAIN_SELF = YES;
				CLANG_WARN_OBJC_LITERAL_CONVERSION = YES;
				CLANG_WARN_OBJC_ROOT_CLASS = YES_ERROR;
				CLANG_WARN_QUOTED_INCLUDE_IN_FRAMEWORK_HEADER = YES;
				CLANG_WARN_RANGE_LOOP_ANALYSIS = YES;
				CLANG_WARN_STRICT_PROTOTYPES = YES;
				CLANG_WARN_SUSPICIOUS_MOVE = YES;
				CLANG_WARN_UNGUARDED_AVAILABILITY = YES_AGGRESSIVE;
				CLANG_WARN_UNREACHABLE_CODE = YES;
				CLANG_WARN__DUPLICATE_METHOD_MATCH = YES;
				COPY_PHASE_STRIP = NO;
				DEBUG_INFORMATION_FORMAT = "dwarf-with-dsym";
				ENABLE_NS_ASSERTIONS = NO;
				ENABLE_STRICT_OBJC_MSGSEND = YES;
				ENABLE_USER_SCRIPT_SANDBOXING = YES;
				GCC_C_LANGUAGE_STANDARD = gnu17;
				GCC_NO_COMMON_BLOCKS = YES;
				GCC_WARN_64_TO_32_BIT_CONVERSION = YES;
				GCC_WARN_ABOUT_RETURN_TYPE = YES_ERROR;
				GCC_WARN_UNDECLARED_SELECTOR = YES;
				GCC_WARN_UNINITIALIZED_AUTOS = YES_AGGRESSIVE;
				GCC_WARN_UNUSED_FUNCTION = YES;
				GCC_WARN_UNUSED_VARIABLE = YES;
				IPHONEOS_DEPLOYMENT_TARGET = 17.2;
				LOCALIZATION_PREFERS_STRING_CATALOGS = YES;
				MTL_ENABLE_DEBUG_INFO = NO;
				MTL_FAST_MATH = YES;
				SDKROOT = iphoneos;
				SWIFT_COMPILATION_MODE = wholemodule;
				VALIDATE_PRODUCT = YES;
			};
			name = Release;
		};
		FE49F58C2BA0D5DB00940E1F /* Debug */ = {
			isa = XCBuildConfiguration;
			buildSettings = {
				ASSETCATALOG_COMPILER_APPICON_NAME = AppIcon;
				ASSETCATALOG_COMPILER_GLOBAL_ACCENT_COLOR_NAME = AccentColor;
				CODE_SIGN_STYLE = Automatic;
				CURRENT_PROJECT_VERSION = 1;
				DEVELOPMENT_TEAM = URYGJZUDP2;
				GENERATE_INFOPLIST_FILE = YES;
				INFOPLIST_FILE = Tracker/SupportedFiles/Info.plist;
				INFOPLIST_KEY_UIApplicationSupportsIndirectInputEvents = YES;
				INFOPLIST_KEY_UILaunchStoryboardName = LaunchScreen;
				INFOPLIST_KEY_UISupportedInterfaceOrientations = UIInterfaceOrientationPortrait;
				INFOPLIST_KEY_UISupportedInterfaceOrientations_iPad = "UIInterfaceOrientationLandscapeLeft UIInterfaceOrientationLandscapeRight UIInterfaceOrientationPortrait UIInterfaceOrientationPortraitUpsideDown";
				IPHONEOS_DEPLOYMENT_TARGET = 13.4;
				LD_RUNPATH_SEARCH_PATHS = (
					"$(inherited)",
					"@executable_path/Frameworks",
				);
				MARKETING_VERSION = 1.0;
				PRODUCT_BUNDLE_IDENTIFIER = ru.Tracker;
				PRODUCT_NAME = "$(TARGET_NAME)";
				SUPPORTED_PLATFORMS = "iphoneos iphonesimulator";
				SUPPORTS_MACCATALYST = NO;
				SUPPORTS_MAC_DESIGNED_FOR_IPHONE_IPAD = NO;
				SUPPORTS_XR_DESIGNED_FOR_IPHONE_IPAD = NO;
				SWIFT_EMIT_LOC_STRINGS = YES;
				SWIFT_VERSION = 5.0;
				TARGETED_DEVICE_FAMILY = 1;
			};
			name = Debug;
		};
		FE49F58D2BA0D5DB00940E1F /* Release */ = {
			isa = XCBuildConfiguration;
			buildSettings = {
				ASSETCATALOG_COMPILER_APPICON_NAME = AppIcon;
				ASSETCATALOG_COMPILER_GLOBAL_ACCENT_COLOR_NAME = AccentColor;
				CODE_SIGN_STYLE = Automatic;
				CURRENT_PROJECT_VERSION = 1;
				DEVELOPMENT_TEAM = URYGJZUDP2;
				GENERATE_INFOPLIST_FILE = YES;
				INFOPLIST_FILE = Tracker/SupportedFiles/Info.plist;
				INFOPLIST_KEY_UIApplicationSupportsIndirectInputEvents = YES;
				INFOPLIST_KEY_UILaunchStoryboardName = LaunchScreen;
				INFOPLIST_KEY_UISupportedInterfaceOrientations = UIInterfaceOrientationPortrait;
				INFOPLIST_KEY_UISupportedInterfaceOrientations_iPad = "UIInterfaceOrientationLandscapeLeft UIInterfaceOrientationLandscapeRight UIInterfaceOrientationPortrait UIInterfaceOrientationPortraitUpsideDown";
				IPHONEOS_DEPLOYMENT_TARGET = 13.4;
				LD_RUNPATH_SEARCH_PATHS = (
					"$(inherited)",
					"@executable_path/Frameworks",
				);
				MARKETING_VERSION = 1.0;
				PRODUCT_BUNDLE_IDENTIFIER = ru.Tracker;
				PRODUCT_NAME = "$(TARGET_NAME)";
				SUPPORTED_PLATFORMS = "iphoneos iphonesimulator";
				SUPPORTS_MACCATALYST = NO;
				SUPPORTS_MAC_DESIGNED_FOR_IPHONE_IPAD = NO;
				SUPPORTS_XR_DESIGNED_FOR_IPHONE_IPAD = NO;
				SWIFT_EMIT_LOC_STRINGS = YES;
				SWIFT_VERSION = 5.0;
				TARGETED_DEVICE_FAMILY = 1;
			};
			name = Release;
		};
		FE49F58F2BA0D5DB00940E1F /* Debug */ = {
			isa = XCBuildConfiguration;
			buildSettings = {
				ALWAYS_EMBED_SWIFT_STANDARD_LIBRARIES = YES;
				BUNDLE_LOADER = "$(TEST_HOST)";
				CODE_SIGN_STYLE = Automatic;
				CURRENT_PROJECT_VERSION = 1;
				DEVELOPMENT_TEAM = URYGJZUDP2;
				GENERATE_INFOPLIST_FILE = YES;
				IPHONEOS_DEPLOYMENT_TARGET = 17.2;
				MARKETING_VERSION = 1.0;
				PRODUCT_BUNDLE_IDENTIFIER = ru.TrackerTests;
				PRODUCT_NAME = "$(TARGET_NAME)";
				SWIFT_EMIT_LOC_STRINGS = NO;
				SWIFT_VERSION = 5.0;
				TARGETED_DEVICE_FAMILY = "1,2";
				TEST_HOST = "$(BUILT_PRODUCTS_DIR)/Tracker.app/$(BUNDLE_EXECUTABLE_FOLDER_PATH)/Tracker";
			};
			name = Debug;
		};
		FE49F5902BA0D5DB00940E1F /* Release */ = {
			isa = XCBuildConfiguration;
			buildSettings = {
				ALWAYS_EMBED_SWIFT_STANDARD_LIBRARIES = YES;
				BUNDLE_LOADER = "$(TEST_HOST)";
				CODE_SIGN_STYLE = Automatic;
				CURRENT_PROJECT_VERSION = 1;
				DEVELOPMENT_TEAM = URYGJZUDP2;
				GENERATE_INFOPLIST_FILE = YES;
				IPHONEOS_DEPLOYMENT_TARGET = 17.2;
				MARKETING_VERSION = 1.0;
				PRODUCT_BUNDLE_IDENTIFIER = ru.TrackerTests;
				PRODUCT_NAME = "$(TARGET_NAME)";
				SWIFT_EMIT_LOC_STRINGS = NO;
				SWIFT_VERSION = 5.0;
				TARGETED_DEVICE_FAMILY = "1,2";
				TEST_HOST = "$(BUILT_PRODUCTS_DIR)/Tracker.app/$(BUNDLE_EXECUTABLE_FOLDER_PATH)/Tracker";
			};
			name = Release;
		};
		FE49F5922BA0D5DB00940E1F /* Debug */ = {
			isa = XCBuildConfiguration;
			buildSettings = {
				ALWAYS_EMBED_SWIFT_STANDARD_LIBRARIES = YES;
				CODE_SIGN_STYLE = Automatic;
				CURRENT_PROJECT_VERSION = 1;
				DEVELOPMENT_TEAM = URYGJZUDP2;
				GENERATE_INFOPLIST_FILE = YES;
				MARKETING_VERSION = 1.0;
				PRODUCT_BUNDLE_IDENTIFIER = ru.TrackerUITests;
				PRODUCT_NAME = "$(TARGET_NAME)";
				SWIFT_EMIT_LOC_STRINGS = NO;
				SWIFT_VERSION = 5.0;
				TARGETED_DEVICE_FAMILY = "1,2";
				TEST_TARGET_NAME = Tracker;
			};
			name = Debug;
		};
		FE49F5932BA0D5DB00940E1F /* Release */ = {
			isa = XCBuildConfiguration;
			buildSettings = {
				ALWAYS_EMBED_SWIFT_STANDARD_LIBRARIES = YES;
				CODE_SIGN_STYLE = Automatic;
				CURRENT_PROJECT_VERSION = 1;
				DEVELOPMENT_TEAM = URYGJZUDP2;
				GENERATE_INFOPLIST_FILE = YES;
				MARKETING_VERSION = 1.0;
				PRODUCT_BUNDLE_IDENTIFIER = ru.TrackerUITests;
				PRODUCT_NAME = "$(TARGET_NAME)";
				SWIFT_EMIT_LOC_STRINGS = NO;
				SWIFT_VERSION = 5.0;
				TARGETED_DEVICE_FAMILY = "1,2";
				TEST_TARGET_NAME = Tracker;
			};
			name = Release;
		};
/* End XCBuildConfiguration section */

/* Begin XCConfigurationList section */
		FE49F55C2BA0D5DA00940E1F /* Build configuration list for PBXProject "Tracker" */ = {
			isa = XCConfigurationList;
			buildConfigurations = (
				FE49F5892BA0D5DB00940E1F /* Debug */,
				FE49F58A2BA0D5DB00940E1F /* Release */,
			);
			defaultConfigurationIsVisible = 0;
			defaultConfigurationName = Release;
		};
		FE49F58B2BA0D5DB00940E1F /* Build configuration list for PBXNativeTarget "Tracker" */ = {
			isa = XCConfigurationList;
			buildConfigurations = (
				FE49F58C2BA0D5DB00940E1F /* Debug */,
				FE49F58D2BA0D5DB00940E1F /* Release */,
			);
			defaultConfigurationIsVisible = 0;
			defaultConfigurationName = Release;
		};
		FE49F58E2BA0D5DB00940E1F /* Build configuration list for PBXNativeTarget "TrackerTests" */ = {
			isa = XCConfigurationList;
			buildConfigurations = (
				FE49F58F2BA0D5DB00940E1F /* Debug */,
				FE49F5902BA0D5DB00940E1F /* Release */,
			);
			defaultConfigurationIsVisible = 0;
			defaultConfigurationName = Release;
		};
		FE49F5912BA0D5DB00940E1F /* Build configuration list for PBXNativeTarget "TrackerUITests" */ = {
			isa = XCConfigurationList;
			buildConfigurations = (
				FE49F5922BA0D5DB00940E1F /* Debug */,
				FE49F5932BA0D5DB00940E1F /* Release */,
			);
			defaultConfigurationIsVisible = 0;
			defaultConfigurationName = Release;
		};
/* End XCConfigurationList section */

/* Begin XCVersionGroup section */
		FEA8E7D82C07C67B00DAC202 /* Data.xcdatamodeld */ = {
			isa = XCVersionGroup;
			children = (
				FEA8E7D92C07C67B00DAC202 /* Data.xcdatamodel */,
			);
			currentVersion = FEA8E7D92C07C67B00DAC202 /* Data.xcdatamodel */;
			path = Data.xcdatamodeld;
			sourceTree = "<group>";
			versionGroupType = wrapper.xcdatamodel;
		};
/* End XCVersionGroup section */
	};
	rootObject = FE49F5592BA0D5DA00940E1F /* Project object */;
}
