// !$*UTF8*$!
{
	archiveVersion = 1;
	classes = {
	};
	objectVersion = 56;
	objects = {

/* Begin PBXBuildFile section */
		FE49F5652BA0D5DA00940E1F /* AppDelegate.swift in Sources */ = {isa = PBXBuildFile; fileRef = FE49F5642BA0D5DA00940E1F /* AppDelegate.swift */; };
		FE49F5672BA0D5DA00940E1F /* SceneDelegate.swift in Sources */ = {isa = PBXBuildFile; fileRef = FE49F5662BA0D5DA00940E1F /* SceneDelegate.swift */; };
		FE49F5692BA0D5DA00940E1F /* ViewController.swift in Sources */ = {isa = PBXBuildFile; fileRef = FE49F5682BA0D5DA00940E1F /* ViewController.swift */; };
		FE49F56C2BA0D5DA00940E1F /* Main.storyboard in Resources */ = {isa = PBXBuildFile; fileRef = FE49F56A2BA0D5DA00940E1F /* Main.storyboard */; };
		FE49F56E2BA0D5DB00940E1F /* Assets.xcassets in Resources */ = {isa = PBXBuildFile; fileRef = FE49F56D2BA0D5DB00940E1F /* Assets.xcassets */; };
		FE49F5712BA0D5DB00940E1F /* LaunchScreen.storyboard in Resources */ = {isa = PBXBuildFile; fileRef = FE49F56F2BA0D5DB00940E1F /* LaunchScreen.storyboard */; };
		FE49F57C2BA0D5DB00940E1F /* TrackerTests.swift in Sources */ = {isa = PBXBuildFile; fileRef = FE49F57B2BA0D5DB00940E1F /* TrackerTests.swift */; };
		FE49F5862BA0D5DB00940E1F /* TrackerUITests.swift in Sources */ = {isa = PBXBuildFile; fileRef = FE49F5852BA0D5DB00940E1F /* TrackerUITests.swift */; };
		FE49F5882BA0D5DB00940E1F /* TrackerUITestsLaunchTests.swift in Sources */ = {isa = PBXBuildFile; fileRef = FE49F5872BA0D5DB00940E1F /* TrackerUITestsLaunchTests.swift */; };
/* End PBXBuildFile section */

/* Begin PBXContainerItemProxy section */
		FE49F5782BA0D5DB00940E1F /* PBXContainerItemProxy */ = {
			isa = PBXContainerItemProxy;
			containerPortal = FE49F5592BA0D5DA00940E1F /* Project object */;
			proxyType = 1;
			remoteGlobalIDString = FE49F5602BA0D5DA00940E1F;
			remoteInfo = Tracker;
		};
		FE49F5822BA0D5DB00940E1F /* PBXContainerItemProxy */ = {
			isa = PBXContainerItemProxy;
			containerPortal = FE49F5592BA0D5DA00940E1F /* Project object */;
			proxyType = 1;
			remoteGlobalIDString = FE49F5602BA0D5DA00940E1F;
			remoteInfo = Tracker;
		};
/* End PBXContainerItemProxy section */

/* Begin PBXFileReference section */
		FE49F5612BA0D5DA00940E1F /* Tracker.app */ = {isa = PBXFileReference; explicitFileType = wrapper.application; includeInIndex = 0; path = Tracker.app; sourceTree = BUILT_PRODUCTS_DIR; };
		FE49F5642BA0D5DA00940E1F /* AppDelegate.swift */ = {isa = PBXFileReference; lastKnownFileType = sourcecode.swift; path = AppDelegate.swift; sourceTree = "<group>"; };
		FE49F5662BA0D5DA00940E1F /* SceneDelegate.swift */ = {isa = PBXFileReference; lastKnownFileType = sourcecode.swift; path = SceneDelegate.swift; sourceTree = "<group>"; };
		FE49F5682BA0D5DA00940E1F /* ViewController.swift */ = {isa = PBXFileReference; lastKnownFileType = sourcecode.swift; path = ViewController.swift; sourceTree = "<group>"; };
		FE49F56B2BA0D5DA00940E1F /* Base */ = {isa = PBXFileReference; lastKnownFileType = file.storyboard; name = Base; path = Base.lproj/Main.storyboard; sourceTree = "<group>"; };
		FE49F56D2BA0D5DB00940E1F /* Assets.xcassets */ = {isa = PBXFileReference; lastKnownFileType = folder.assetcatalog; path = Assets.xcassets; sourceTree = "<group>"; };
		FE49F5702BA0D5DB00940E1F /* Base */ = {isa = PBXFileReference; lastKnownFileType = file.storyboard; name = Base; path = Base.lproj/LaunchScreen.storyboard; sourceTree = "<group>"; };
		FE49F5722BA0D5DB00940E1F /* Info.plist */ = {isa = PBXFileReference; lastKnownFileType = text.plist.xml; path = Info.plist; sourceTree = "<group>"; };
		FE49F5772BA0D5DB00940E1F /* TrackerTests.xctest */ = {isa = PBXFileReference; explicitFileType = wrapper.cfbundle; includeInIndex = 0; path = TrackerTests.xctest; sourceTree = BUILT_PRODUCTS_DIR; };
		FE49F57B2BA0D5DB00940E1F /* TrackerTests.swift */ = {isa = PBXFileReference; lastKnownFileType = sourcecode.swift; path = TrackerTests.swift; sourceTree = "<group>"; };
		FE49F5812BA0D5DB00940E1F /* TrackerUITests.xctest */ = {isa = PBXFileReference; explicitFileType = wrapper.cfbundle; includeInIndex = 0; path = TrackerUITests.xctest; sourceTree = BUILT_PRODUCTS_DIR; };
		FE49F5852BA0D5DB00940E1F /* TrackerUITests.swift */ = {isa = PBXFileReference; lastKnownFileType = sourcecode.swift; path = TrackerUITests.swift; sourceTree = "<group>"; };
		FE49F5872BA0D5DB00940E1F /* TrackerUITestsLaunchTests.swift */ = {isa = PBXFileReference; lastKnownFileType = sourcecode.swift; path = TrackerUITestsLaunchTests.swift; sourceTree = "<group>"; };
/* End PBXFileReference section */

/* Begin PBXFrameworksBuildPhase section */
		FE49F55E2BA0D5DA00940E1F /* Frameworks */ = {
			isa = PBXFrameworksBuildPhase;
			buildActionMask = 2147483647;
			files = (
			);
			runOnlyForDeploymentPostprocessing = 0;
		};
		FE49F5742BA0D5DB00940E1F /* Frameworks */ = {
			isa = PBXFrameworksBuildPhase;
			buildActionMask = 2147483647;
			files = (
			);
			runOnlyForDeploymentPostprocessing = 0;
		};
		FE49F57E2BA0D5DB00940E1F /* Frameworks */ = {
			isa = PBXFrameworksBuildPhase;
			buildActionMask = 2147483647;
			files = (
			);
			runOnlyForDeploymentPostprocessing = 0;
		};
/* End PBXFrameworksBuildPhase section */

/* Begin PBXGroup section */
		FE49F5582BA0D5DA00940E1F = {
			isa = PBXGroup;
			children = (
				FE49F5632BA0D5DA00940E1F /* Tracker */,
				FE49F57A2BA0D5DB00940E1F /* TrackerTests */,
				FE49F5842BA0D5DB00940E1F /* TrackerUITests */,
				FE49F5622BA0D5DA00940E1F /* Products */,
			);
			sourceTree = "<group>";
		};
		FE49F5622BA0D5DA00940E1F /* Products */ = {
			isa = PBXGroup;
			children = (
				FE49F5612BA0D5DA00940E1F /* Tracker.app */,
				FE49F5772BA0D5DB00940E1F /* TrackerTests.xctest */,
				FE49F5812BA0D5DB00940E1F /* TrackerUITests.xctest */,
			);
			name = Products;
			sourceTree = "<group>";
		};
		FE49F5632BA0D5DA00940E1F /* Tracker */ = {
			isa = PBXGroup;
			children = (
				FE49F5642BA0D5DA00940E1F /* AppDelegate.swift */,
				FE49F5662BA0D5DA00940E1F /* SceneDelegate.swift */,
				FE49F5682BA0D5DA00940E1F /* ViewController.swift */,
				FE49F56A2BA0D5DA00940E1F /* Main.storyboard */,
				FE49F56D2BA0D5DB00940E1F /* Assets.xcassets */,
				FE49F56F2BA0D5DB00940E1F /* LaunchScreen.storyboard */,
				FE49F5722BA0D5DB00940E1F /* Info.plist */,
			);
			path = Tracker;
			sourceTree = "<group>";
		};
		FE49F57A2BA0D5DB00940E1F /* TrackerTests */ = {
			isa = PBXGroup;
			children = (
				FE49F57B2BA0D5DB00940E1F /* TrackerTests.swift */,
			);
			path = TrackerTests;
			sourceTree = "<group>";
		};
		FE49F5842BA0D5DB00940E1F /* TrackerUITests */ = {
			isa = PBXGroup;
			children = (
				FE49F5852BA0D5DB00940E1F /* TrackerUITests.swift */,
				FE49F5872BA0D5DB00940E1F /* TrackerUITestsLaunchTests.swift */,
			);
			path = TrackerUITests;
			sourceTree = "<group>";
		};
/* End PBXGroup section */

/* Begin PBXNativeTarget section */
		FE49F5602BA0D5DA00940E1F /* Tracker */ = {
			isa = PBXNativeTarget;
			buildConfigurationList = FE49F58B2BA0D5DB00940E1F /* Build configuration list for PBXNativeTarget "Tracker" */;
			buildPhases = (
				FE49F55D2BA0D5DA00940E1F /* Sources */,
				FE49F55E2BA0D5DA00940E1F /* Frameworks */,
				FE49F55F2BA0D5DA00940E1F /* Resources */,
			);
			buildRules = (
			);
			dependencies = (
			);
			name = Tracker;
			productName = Tracker;
			productReference = FE49F5612BA0D5DA00940E1F /* Tracker.app */;
			productType = "com.apple.product-type.application";
		};
		FE49F5762BA0D5DB00940E1F /* TrackerTests */ = {
			isa = PBXNativeTarget;
			buildConfigurationList = FE49F58E2BA0D5DB00940E1F /* Build configuration list for PBXNativeTarget "TrackerTests" */;
			buildPhases = (
				FE49F5732BA0D5DB00940E1F /* Sources */,
				FE49F5742BA0D5DB00940E1F /* Frameworks */,
				FE49F5752BA0D5DB00940E1F /* Resources */,
			);
			buildRules = (
			);
			dependencies = (
				FE49F5792BA0D5DB00940E1F /* PBXTargetDependency */,
			);
			name = TrackerTests;
			productName = TrackerTests;
			productReference = FE49F5772BA0D5DB00940E1F /* TrackerTests.xctest */;
			productType = "com.apple.product-type.bundle.unit-test";
		};
		FE49F5802BA0D5DB00940E1F /* TrackerUITests */ = {
			isa = PBXNativeTarget;
			buildConfigurationList = FE49F5912BA0D5DB00940E1F /* Build configuration list for PBXNativeTarget "TrackerUITests" */;
			buildPhases = (
				FE49F57D2BA0D5DB00940E1F /* Sources */,
				FE49F57E2BA0D5DB00940E1F /* Frameworks */,
				FE49F57F2BA0D5DB00940E1F /* Resources */,
			);
			buildRules = (
			);
			dependencies = (
				FE49F5832BA0D5DB00940E1F /* PBXTargetDependency */,
			);
			name = TrackerUITests;
			productName = TrackerUITests;
			productReference = FE49F5812BA0D5DB00940E1F /* TrackerUITests.xctest */;
			productType = "com.apple.product-type.bundle.ui-testing";
		};
/* End PBXNativeTarget section */

/* Begin PBXProject section */
		FE49F5592BA0D5DA00940E1F /* Project object */ = {
			isa = PBXProject;
			attributes = {
				BuildIndependentTargetsInParallel = 1;
				LastSwiftUpdateCheck = 1520;
				LastUpgradeCheck = 1520;
				TargetAttributes = {
					FE49F5602BA0D5DA00940E1F = {
						CreatedOnToolsVersion = 15.2;
					};
					FE49F5762BA0D5DB00940E1F = {
						CreatedOnToolsVersion = 15.2;
						TestTargetID = FE49F5602BA0D5DA00940E1F;
					};
					FE49F5802BA0D5DB00940E1F = {
						CreatedOnToolsVersion = 15.2;
						TestTargetID = FE49F5602BA0D5DA00940E1F;
					};
				};
			};
			buildConfigurationList = FE49F55C2BA0D5DA00940E1F /* Build configuration list for PBXProject "Tracker" */;
			compatibilityVersion = "Xcode 14.0";
			developmentRegion = en;
			hasScannedForEncodings = 0;
			knownRegions = (
				en,
				Base,
			);
			mainGroup = FE49F5582BA0D5DA00940E1F;
			productRefGroup = FE49F5622BA0D5DA00940E1F /* Products */;
			projectDirPath = "";
			projectRoot = "";
			targets = (
				FE49F5602BA0D5DA00940E1F /* Tracker */,
				FE49F5762BA0D5DB00940E1F /* TrackerTests */,
				FE49F5802BA0D5DB00940E1F /* TrackerUITests */,
			);
		};
/* End PBXProject section */

/* Begin PBXResourcesBuildPhase section */
		FE49F55F2BA0D5DA00940E1F /* Resources */ = {
			isa = PBXResourcesBuildPhase;
			buildActionMask = 2147483647;
			files = (
				FE49F5712BA0D5DB00940E1F /* LaunchScreen.storyboard in Resources */,
				FE49F56E2BA0D5DB00940E1F /* Assets.xcassets in Resources */,
				FE49F56C2BA0D5DA00940E1F /* Main.storyboard in Resources */,
			);
			runOnlyForDeploymentPostprocessing = 0;
		};
		FE49F5752BA0D5DB00940E1F /* Resources */ = {
			isa = PBXResourcesBuildPhase;
			buildActionMask = 2147483647;
			files = (
			);
			runOnlyForDeploymentPostprocessing = 0;
		};
		FE49F57F2BA0D5DB00940E1F /* Resources */ = {
			isa = PBXResourcesBuildPhase;
			buildActionMask = 2147483647;
			files = (
			);
			runOnlyForDeploymentPostprocessing = 0;
		};
/* End PBXResourcesBuildPhase section */

/* Begin PBXSourcesBuildPhase section */
		FE49F55D2BA0D5DA00940E1F /* Sources */ = {
			isa = PBXSourcesBuildPhase;
			buildActionMask = 2147483647;
			files = (
				FE49F5692BA0D5DA00940E1F /* ViewController.swift in Sources */,
				FE49F5652BA0D5DA00940E1F /* AppDelegate.swift in Sources */,
				FE49F5672BA0D5DA00940E1F /* SceneDelegate.swift in Sources */,
			);
			runOnlyForDeploymentPostprocessing = 0;
		};
		FE49F5732BA0D5DB00940E1F /* Sources */ = {
			isa = PBXSourcesBuildPhase;
			buildActionMask = 2147483647;
			files = (
				FE49F57C2BA0D5DB00940E1F /* TrackerTests.swift in Sources */,
			);
			runOnlyForDeploymentPostprocessing = 0;
		};
		FE49F57D2BA0D5DB00940E1F /* Sources */ = {
			isa = PBXSourcesBuildPhase;
			buildActionMask = 2147483647;
			files = (
				FE49F5862BA0D5DB00940E1F /* TrackerUITests.swift in Sources */,
				FE49F5882BA0D5DB00940E1F /* TrackerUITestsLaunchTests.swift in Sources */,
			);
			runOnlyForDeploymentPostprocessing = 0;
		};
/* End PBXSourcesBuildPhase section */

/* Begin PBXTargetDependency section */
		FE49F5792BA0D5DB00940E1F /* PBXTargetDependency */ = {
			isa = PBXTargetDependency;
			target = FE49F5602BA0D5DA00940E1F /* Tracker */;
			targetProxy = FE49F5782BA0D5DB00940E1F /* PBXContainerItemProxy */;
		};
		FE49F5832BA0D5DB00940E1F /* PBXTargetDependency */ = {
			isa = PBXTargetDependency;
			target = FE49F5602BA0D5DA00940E1F /* Tracker */;
			targetProxy = FE49F5822BA0D5DB00940E1F /* PBXContainerItemProxy */;
		};
/* End PBXTargetDependency section */

/* Begin PBXVariantGroup section */
		FE49F56A2BA0D5DA00940E1F /* Main.storyboard */ = {
			isa = PBXVariantGroup;
			children = (
				FE49F56B2BA0D5DA00940E1F /* Base */,
			);
			name = Main.storyboard;
			sourceTree = "<group>";
		};
		FE49F56F2BA0D5DB00940E1F /* LaunchScreen.storyboard */ = {
			isa = PBXVariantGroup;
			children = (
				FE49F5702BA0D5DB00940E1F /* Base */,
			);
			name = LaunchScreen.storyboard;
			sourceTree = "<group>";
		};
/* End PBXVariantGroup section */

/* Begin XCBuildConfiguration section */
		FE49F5892BA0D5DB00940E1F /* Debug */ = {
			isa = XCBuildConfiguration;
			buildSettings = {
				ALWAYS_SEARCH_USER_PATHS = NO;
				ASSETCATALOG_COMPILER_GENERATE_SWIFT_ASSET_SYMBOL_EXTENSIONS = YES;
				CLANG_ANALYZER_NONNULL = YES;
				CLANG_ANALYZER_NUMBER_OBJECT_CONVERSION = YES_AGGRESSIVE;
				CLANG_CXX_LANGUAGE_STANDARD = "gnu++20";
				CLANG_ENABLE_MODULES = YES;
				CLANG_ENABLE_OBJC_ARC = YES;
				CLANG_ENABLE_OBJC_WEAK = YES;
				CLANG_WARN_BLOCK_CAPTURE_AUTORELEASING = YES;
				CLANG_WARN_BOOL_CONVERSION = YES;
				CLANG_WARN_COMMA = YES;
				CLANG_WARN_CONSTANT_CONVERSION = YES;
				CLANG_WARN_DEPRECATED_OBJC_IMPLEMENTATIONS = YES;
				CLANG_WARN_DIRECT_OBJC_ISA_USAGE = YES_ERROR;
				CLANG_WARN_DOCUMENTATION_COMMENTS = YES;
				CLANG_WARN_EMPTY_BODY = YES;
				CLANG_WARN_ENUM_CONVERSION = YES;
				CLANG_WARN_INFINITE_RECURSION = YES;
				CLANG_WARN_INT_CONVERSION = YES;
				CLANG_WARN_NON_LITERAL_NULL_CONVERSION = YES;
				CLANG_WARN_OBJC_IMPLICIT_RETAIN_SELF = YES;
				CLANG_WARN_OBJC_LITERAL_CONVERSION = YES;
				CLANG_WARN_OBJC_ROOT_CLASS = YES_ERROR;
				CLANG_WARN_QUOTED_INCLUDE_IN_FRAMEWORK_HEADER = YES;
				CLANG_WARN_RANGE_LOOP_ANALYSIS = YES;
				CLANG_WARN_STRICT_PROTOTYPES = YES;
				CLANG_WARN_SUSPICIOUS_MOVE = YES;
				CLANG_WARN_UNGUARDED_AVAILABILITY = YES_AGGRESSIVE;
				CLANG_WARN_UNREACHABLE_CODE = YES;
				CLANG_WARN__DUPLICATE_METHOD_MATCH = YES;
				COPY_PHASE_STRIP = NO;
				DEBUG_INFORMATION_FORMAT = dwarf;
				ENABLE_STRICT_OBJC_MSGSEND = YES;
				ENABLE_TESTABILITY = YES;
				ENABLE_USER_SCRIPT_SANDBOXING = YES;
				GCC_C_LANGUAGE_STANDARD = gnu17;
				GCC_DYNAMIC_NO_PIC = NO;
				GCC_NO_COMMON_BLOCKS = YES;
				GCC_OPTIMIZATION_LEVEL = 0;
				GCC_PREPROCESSOR_DEFINITIONS = (
					"DEBUG=1",
					"$(inherited)",
				);
				GCC_WARN_64_TO_32_BIT_CONVERSION = YES;
				GCC_WARN_ABOUT_RETURN_TYPE = YES_ERROR;
				GCC_WARN_UNDECLARED_SELECTOR = YES;
				GCC_WARN_UNINITIALIZED_AUTOS = YES_AGGRESSIVE;
				GCC_WARN_UNUSED_FUNCTION = YES;
				GCC_WARN_UNUSED_VARIABLE = YES;
				IPHONEOS_DEPLOYMENT_TARGET = 17.2;
				LOCALIZATION_PREFERS_STRING_CATALOGS = YES;
				MTL_ENABLE_DEBUG_INFO = INCLUDE_SOURCE;
				MTL_FAST_MATH = YES;
				ONLY_ACTIVE_ARCH = YES;
				SDKROOT = iphoneos;
				SWIFT_ACTIVE_COMPILATION_CONDITIONS = "DEBUG $(inherited)";
				SWIFT_OPTIMIZATION_LEVEL = "-Onone";
			};
			name = Debug;
		};
		FE49F58A2BA0D5DB00940E1F /* Release */ = {
			isa = XCBuildConfiguration;
			buildSettings = {
				ALWAYS_SEARCH_USER_PATHS = NO;
				ASSETCATALOG_COMPILER_GENERATE_SWIFT_ASSET_SYMBOL_EXTENSIONS = YES;
				CLANG_ANALYZER_NONNULL = YES;
				CLANG_ANALYZER_NUMBER_OBJECT_CONVERSION = YES_AGGRESSIVE;
				CLANG_CXX_LANGUAGE_STANDARD = "gnu++20";
				CLANG_ENABLE_MODULES = YES;
				CLANG_ENABLE_OBJC_ARC = YES;
				CLANG_ENABLE_OBJC_WEAK = YES;
				CLANG_WARN_BLOCK_CAPTURE_AUTORELEASING = YES;
				CLANG_WARN_BOOL_CONVERSION = YES;
				CLANG_WARN_COMMA = YES;
				CLANG_WARN_CONSTANT_CONVERSION = YES;
				CLANG_WARN_DEPRECATED_OBJC_IMPLEMENTATIONS = YES;
				CLANG_WARN_DIRECT_OBJC_ISA_USAGE = YES_ERROR;
				CLANG_WARN_DOCUMENTATION_COMMENTS = YES;
				CLANG_WARN_EMPTY_BODY = YES;
				CLANG_WARN_ENUM_CONVERSION = YES;
				CLANG_WARN_INFINITE_RECURSION = YES;
				CLANG_WARN_INT_CONVERSION = YES;
				CLANG_WARN_NON_LITERAL_NULL_CONVERSION = YES;
				CLANG_WARN_OBJC_IMPLICIT_RETAIN_SELF = YES;
				CLANG_WARN_OBJC_LITERAL_CONVERSION = YES;
				CLANG_WARN_OBJC_ROOT_CLASS = YES_ERROR;
				CLANG_WARN_QUOTED_INCLUDE_IN_FRAMEWORK_HEADER = YES;
				CLANG_WARN_RANGE_LOOP_ANALYSIS = YES;
				CLANG_WARN_STRICT_PROTOTYPES = YES;
				CLANG_WARN_SUSPICIOUS_MOVE = YES;
				CLANG_WARN_UNGUARDED_AVAILABILITY = YES_AGGRESSIVE;
				CLANG_WARN_UNREACHABLE_CODE = YES;
				CLANG_WARN__DUPLICATE_METHOD_MATCH = YES;
				COPY_PHASE_STRIP = NO;
				DEBUG_INFORMATION_FORMAT = "dwarf-with-dsym";
				ENABLE_NS_ASSERTIONS = NO;
				ENABLE_STRICT_OBJC_MSGSEND = YES;
				ENABLE_USER_SCRIPT_SANDBOXING = YES;
				GCC_C_LANGUAGE_STANDARD = gnu17;
				GCC_NO_COMMON_BLOCKS = YES;
				GCC_WARN_64_TO_32_BIT_CONVERSION = YES;
				GCC_WARN_ABOUT_RETURN_TYPE = YES_ERROR;
				GCC_WARN_UNDECLARED_SELECTOR = YES;
				GCC_WARN_UNINITIALIZED_AUTOS = YES_AGGRESSIVE;
				GCC_WARN_UNUSED_FUNCTION = YES;
				GCC_WARN_UNUSED_VARIABLE = YES;
				IPHONEOS_DEPLOYMENT_TARGET = 17.2;
				LOCALIZATION_PREFERS_STRING_CATALOGS = YES;
				MTL_ENABLE_DEBUG_INFO = NO;
				MTL_FAST_MATH = YES;
				SDKROOT = iphoneos;
				SWIFT_COMPILATION_MODE = wholemodule;
				VALIDATE_PRODUCT = YES;
			};
			name = Release;
		};
		FE49F58C2BA0D5DB00940E1F /* Debug */ = {
			isa = XCBuildConfiguration;
			buildSettings = {
				ASSETCATALOG_COMPILER_APPICON_NAME = AppIcon;
				ASSETCATALOG_COMPILER_GLOBAL_ACCENT_COLOR_NAME = AccentColor;
				CODE_SIGN_STYLE = Automatic;
				CURRENT_PROJECT_VERSION = 1;
				DEVELOPMENT_TEAM = URYGJZUDP2;
				GENERATE_INFOPLIST_FILE = YES;
				INFOPLIST_FILE = Tracker/Info.plist;
				INFOPLIST_KEY_UIApplicationSupportsIndirectInputEvents = YES;
				INFOPLIST_KEY_UILaunchStoryboardName = LaunchScreen;
				INFOPLIST_KEY_UIMainStoryboardFile = Main;
				INFOPLIST_KEY_UISupportedInterfaceOrientations_iPad = "UIInterfaceOrientationPortrait UIInterfaceOrientationPortraitUpsideDown UIInterfaceOrientationLandscapeLeft UIInterfaceOrientationLandscapeRight";
				INFOPLIST_KEY_UISupportedInterfaceOrientations_iPhone = "UIInterfaceOrientationPortrait UIInterfaceOrientationLandscapeLeft UIInterfaceOrientationLandscapeRight";
				LD_RUNPATH_SEARCH_PATHS = (
					"$(inherited)",
					"@executable_path/Frameworks",
				);
				MARKETING_VERSION = 1.0;
				PRODUCT_BUNDLE_IDENTIFIER = ru.Tracker;
				PRODUCT_NAME = "$(TARGET_NAME)";
				SWIFT_EMIT_LOC_STRINGS = YES;
				SWIFT_VERSION = 5.0;
				TARGETED_DEVICE_FAMILY = "1,2";
			};
			name = Debug;
		};
		FE49F58D2BA0D5DB00940E1F /* Release */ = {
			isa = XCBuildConfiguration;
			buildSettings = {
				ASSETCATALOG_COMPILER_APPICON_NAME = AppIcon;
				ASSETCATALOG_COMPILER_GLOBAL_ACCENT_COLOR_NAME = AccentColor;
				CODE_SIGN_STYLE = Automatic;
				CURRENT_PROJECT_VERSION = 1;
				DEVELOPMENT_TEAM = URYGJZUDP2;
				GENERATE_INFOPLIST_FILE = YES;
				INFOPLIST_FILE = Tracker/Info.plist;
				INFOPLIST_KEY_UIApplicationSupportsIndirectInputEvents = YES;
				INFOPLIST_KEY_UILaunchStoryboardName = LaunchScreen;
				INFOPLIST_KEY_UIMainStoryboardFile = Main;
				INFOPLIST_KEY_UISupportedInterfaceOrientations_iPad = "UIInterfaceOrientationPortrait UIInterfaceOrientationPortraitUpsideDown UIInterfaceOrientationLandscapeLeft UIInterfaceOrientationLandscapeRight";
				INFOPLIST_KEY_UISupportedInterfaceOrientations_iPhone = "UIInterfaceOrientationPortrait UIInterfaceOrientationLandscapeLeft UIInterfaceOrientationLandscapeRight";
				LD_RUNPATH_SEARCH_PATHS = (
					"$(inherited)",
					"@executable_path/Frameworks",
				);
				MARKETING_VERSION = 1.0;
				PRODUCT_BUNDLE_IDENTIFIER = ru.Tracker;
				PRODUCT_NAME = "$(TARGET_NAME)";
				SWIFT_EMIT_LOC_STRINGS = YES;
				SWIFT_VERSION = 5.0;
				TARGETED_DEVICE_FAMILY = "1,2";
			};
			name = Release;
		};
		FE49F58F2BA0D5DB00940E1F /* Debug */ = {
			isa = XCBuildConfiguration;
			buildSettings = {
				ALWAYS_EMBED_SWIFT_STANDARD_LIBRARIES = YES;
				BUNDLE_LOADER = "$(TEST_HOST)";
				CODE_SIGN_STYLE = Automatic;
				CURRENT_PROJECT_VERSION = 1;
				DEVELOPMENT_TEAM = URYGJZUDP2;
				GENERATE_INFOPLIST_FILE = YES;
				IPHONEOS_DEPLOYMENT_TARGET = 17.2;
				MARKETING_VERSION = 1.0;
				PRODUCT_BUNDLE_IDENTIFIER = ru.TrackerTests;
				PRODUCT_NAME = "$(TARGET_NAME)";
				SWIFT_EMIT_LOC_STRINGS = NO;
				SWIFT_VERSION = 5.0;
				TARGETED_DEVICE_FAMILY = "1,2";
				TEST_HOST = "$(BUILT_PRODUCTS_DIR)/Tracker.app/$(BUNDLE_EXECUTABLE_FOLDER_PATH)/Tracker";
			};
			name = Debug;
		};
		FE49F5902BA0D5DB00940E1F /* Release */ = {
			isa = XCBuildConfiguration;
			buildSettings = {
				ALWAYS_EMBED_SWIFT_STANDARD_LIBRARIES = YES;
				BUNDLE_LOADER = "$(TEST_HOST)";
				CODE_SIGN_STYLE = Automatic;
				CURRENT_PROJECT_VERSION = 1;
				DEVELOPMENT_TEAM = URYGJZUDP2;
				GENERATE_INFOPLIST_FILE = YES;
				IPHONEOS_DEPLOYMENT_TARGET = 17.2;
				MARKETING_VERSION = 1.0;
				PRODUCT_BUNDLE_IDENTIFIER = ru.TrackerTests;
				PRODUCT_NAME = "$(TARGET_NAME)";
				SWIFT_EMIT_LOC_STRINGS = NO;
				SWIFT_VERSION = 5.0;
				TARGETED_DEVICE_FAMILY = "1,2";
				TEST_HOST = "$(BUILT_PRODUCTS_DIR)/Tracker.app/$(BUNDLE_EXECUTABLE_FOLDER_PATH)/Tracker";
			};
			name = Release;
		};
		FE49F5922BA0D5DB00940E1F /* Debug */ = {
			isa = XCBuildConfiguration;
			buildSettings = {
				ALWAYS_EMBED_SWIFT_STANDARD_LIBRARIES = YES;
				CODE_SIGN_STYLE = Automatic;
				CURRENT_PROJECT_VERSION = 1;
				DEVELOPMENT_TEAM = URYGJZUDP2;
				GENERATE_INFOPLIST_FILE = YES;
				MARKETING_VERSION = 1.0;
				PRODUCT_BUNDLE_IDENTIFIER = ru.TrackerUITests;
				PRODUCT_NAME = "$(TARGET_NAME)";
				SWIFT_EMIT_LOC_STRINGS = NO;
				SWIFT_VERSION = 5.0;
				TARGETED_DEVICE_FAMILY = "1,2";
				TEST_TARGET_NAME = Tracker;
			};
			name = Debug;
		};
		FE49F5932BA0D5DB00940E1F /* Release */ = {
			isa = XCBuildConfiguration;
			buildSettings = {
				ALWAYS_EMBED_SWIFT_STANDARD_LIBRARIES = YES;
				CODE_SIGN_STYLE = Automatic;
				CURRENT_PROJECT_VERSION = 1;
				DEVELOPMENT_TEAM = URYGJZUDP2;
				GENERATE_INFOPLIST_FILE = YES;
				MARKETING_VERSION = 1.0;
				PRODUCT_BUNDLE_IDENTIFIER = ru.TrackerUITests;
				PRODUCT_NAME = "$(TARGET_NAME)";
				SWIFT_EMIT_LOC_STRINGS = NO;
				SWIFT_VERSION = 5.0;
				TARGETED_DEVICE_FAMILY = "1,2";
				TEST_TARGET_NAME = Tracker;
			};
			name = Release;
		};
/* End XCBuildConfiguration section */

/* Begin XCConfigurationList section */
		FE49F55C2BA0D5DA00940E1F /* Build configuration list for PBXProject "Tracker" */ = {
			isa = XCConfigurationList;
			buildConfigurations = (
				FE49F5892BA0D5DB00940E1F /* Debug */,
				FE49F58A2BA0D5DB00940E1F /* Release */,
			);
			defaultConfigurationIsVisible = 0;
			defaultConfigurationName = Release;
		};
		FE49F58B2BA0D5DB00940E1F /* Build configuration list for PBXNativeTarget "Tracker" */ = {
			isa = XCConfigurationList;
			buildConfigurations = (
				FE49F58C2BA0D5DB00940E1F /* Debug */,
				FE49F58D2BA0D5DB00940E1F /* Release */,
			);
			defaultConfigurationIsVisible = 0;
			defaultConfigurationName = Release;
		};
		FE49F58E2BA0D5DB00940E1F /* Build configuration list for PBXNativeTarget "TrackerTests" */ = {
			isa = XCConfigurationList;
			buildConfigurations = (
				FE49F58F2BA0D5DB00940E1F /* Debug */,
				FE49F5902BA0D5DB00940E1F /* Release */,
			);
			defaultConfigurationIsVisible = 0;
			defaultConfigurationName = Release;
		};
		FE49F5912BA0D5DB00940E1F /* Build configuration list for PBXNativeTarget "TrackerUITests" */ = {
			isa = XCConfigurationList;
			buildConfigurations = (
				FE49F5922BA0D5DB00940E1F /* Debug */,
				FE49F5932BA0D5DB00940E1F /* Release */,
			);
			defaultConfigurationIsVisible = 0;
			defaultConfigurationName = Release;
		};
/* End XCConfigurationList section */
	};
	rootObject = FE49F5592BA0D5DA00940E1F /* Project object */;
}
